// !$*UTF8*$!
{
	archiveVersion = 1;
	classes = {
	};
	objectVersion = 46;
	objects = {

/* Begin PBXBuildFile section */
		EB2B1C9E1C936DB500D42D65 /* AppDelegate.swift in Sources */ = {isa = PBXBuildFile; fileRef = EB2B1C9D1C936DB500D42D65 /* AppDelegate.swift */; };
		EB2B1CA01C936DB500D42D65 /* ViewController.swift in Sources */ = {isa = PBXBuildFile; fileRef = EB2B1C9F1C936DB500D42D65 /* ViewController.swift */; };
		EB2B1CA31C936DB500D42D65 /* Main.storyboard in Resources */ = {isa = PBXBuildFile; fileRef = EB2B1CA11C936DB500D42D65 /* Main.storyboard */; };
		EB2B1CA51C936DB500D42D65 /* Assets.xcassets in Resources */ = {isa = PBXBuildFile; fileRef = EB2B1CA41C936DB500D42D65 /* Assets.xcassets */; };
		EB2B1CA81C936DB500D42D65 /* LaunchScreen.storyboard in Resources */ = {isa = PBXBuildFile; fileRef = EB2B1CA61C936DB500D42D65 /* LaunchScreen.storyboard */; };
		EB4D84061C93967200E5024D /* Cat-clip-art-images-illustrations-photos-3.jpg in Resources */ = {isa = PBXBuildFile; fileRef = EB4D84051C93967200E5024D /* Cat-clip-art-images-illustrations-photos-3.jpg */; };
/* End PBXBuildFile section */

/* Begin PBXFileReference section */
		EB2B1C9A1C936DB500D42D65 /* Hello World.app */ = {isa = PBXFileReference; explicitFileType = wrapper.application; includeInIndex = 0; path = "Hello World.app"; sourceTree = BUILT_PRODUCTS_DIR; };
		EB2B1C9D1C936DB500D42D65 /* AppDelegate.swift */ = {isa = PBXFileReference; lastKnownFileType = sourcecode.swift; path = AppDelegate.swift; sourceTree = "<group>"; };
		EB2B1C9F1C936DB500D42D65 /* ViewController.swift */ = {isa = PBXFileReference; lastKnownFileType = sourcecode.swift; path = ViewController.swift; sourceTree = "<group>"; };
		EB2B1CA21C936DB500D42D65 /* Base */ = {isa = PBXFileReference; lastKnownFileType = file.storyboard; name = Base; path = Base.lproj/Main.storyboard; sourceTree = "<group>"; };
		EB2B1CA41C936DB500D42D65 /* Assets.xcassets */ = {isa = PBXFileReference; lastKnownFileType = folder.assetcatalog; path = Assets.xcassets; sourceTree = "<group>"; };
		EB2B1CA71C936DB500D42D65 /* Base */ = {isa = PBXFileReference; lastKnownFileType = file.storyboard; name = Base; path = Base.lproj/LaunchScreen.storyboard; sourceTree = "<group>"; };
		EB2B1CA91C936DB500D42D65 /* Info.plist */ = {isa = PBXFileReference; lastKnownFileType = text.plist.xml; path = Info.plist; sourceTree = "<group>"; };
		EB4D84051C93967200E5024D /* Cat-clip-art-images-illustrations-photos-3.jpg */ = {isa = PBXFileReference; lastKnownFileType = image.jpeg; path = "Cat-clip-art-images-illustrations-photos-3.jpg"; sourceTree = "<group>"; };
/* End PBXFileReference section */

/* Begin PBXFrameworksBuildPhase section */
		EB2B1C971C936DB500D42D65 /* Frameworks */ = {
			isa = PBXFrameworksBuildPhase;
			buildActionMask = 2147483647;
			files = (
			);
			runOnlyForDeploymentPostprocessing = 0;
		};
/* End PBXFrameworksBuildPhase section */

/* Begin PBXGroup section */
		EB2B1C911C936DB500D42D65 = {
			isa = PBXGroup;
			children = (
				EB2B1C9C1C936DB500D42D65 /* Hello World */,
				EB2B1C9B1C936DB500D42D65 /* Products */,
			);
			sourceTree = "<group>";
		};
		EB2B1C9B1C936DB500D42D65 /* Products */ = {
			isa = PBXGroup;
			children = (
				EB2B1C9A1C936DB500D42D65 /* Hello World.app */,
			);
			name = Products;
			sourceTree = "<group>";
		};
		EB2B1C9C1C936DB500D42D65 /* Hello World */ = {
			isa = PBXGroup;
			children = (
				EB4D84051C93967200E5024D /* Cat-clip-art-images-illustrations-photos-3.jpg */,
				EB2B1C9D1C936DB500D42D65 /* AppDelegate.swift */,
				EB2B1C9F1C936DB500D42D65 /* ViewController.swift */,
				EB2B1CA11C936DB500D42D65 /* Main.storyboard */,
				EB2B1CA41C936DB500D42D65 /* Assets.xcassets */,
				EB2B1CA61C936DB500D42D65 /* LaunchScreen.storyboard */,
				EB2B1CA91C936DB500D42D65 /* Info.plist */,
			);
			path = "Hello World";
			sourceTree = "<group>";
		};
/* End PBXGroup section */

/* Begin PBXNativeTarget section */
		EB2B1C991C936DB500D42D65 /* Hello World */ = {
			isa = PBXNativeTarget;
			buildConfigurationList = EB2B1CAC1C936DB500D42D65 /* Build configuration list for PBXNativeTarget "Hello World" */;
			buildPhases = (
				EB2B1C961C936DB500D42D65 /* Sources */,
				EB2B1C971C936DB500D42D65 /* Frameworks */,
				EB2B1C981C936DB500D42D65 /* Resources */,
			);
			buildRules = (
			);
			dependencies = (
			);
			name = "Hello World";
			productName = "Hello World";
			productReference = EB2B1C9A1C936DB500D42D65 /* Hello World.app */;
			productType = "com.apple.product-type.application";
		};
/* End PBXNativeTarget section */

/* Begin PBXProject section */
		EB2B1C921C936DB500D42D65 /* Project object */ = {
			isa = PBXProject;
			attributes = {
				LastSwiftUpdateCheck = 0720;
				LastUpgradeCheck = 0720;
				ORGANIZATIONNAME = "Mark Morales";
				TargetAttributes = {
					EB2B1C991C936DB500D42D65 = {
						CreatedOnToolsVersion = 7.2.1;
						DevelopmentTeam = 4XC5EKHA79;
					};
				};
			};
			buildConfigurationList = EB2B1C951C936DB500D42D65 /* Build configuration list for PBXProject "Hello World" */;
			compatibilityVersion = "Xcode 3.2";
			developmentRegion = English;
			hasScannedForEncodings = 0;
			knownRegions = (
				en,
				Base,
			);
			mainGroup = EB2B1C911C936DB500D42D65;
			productRefGroup = EB2B1C9B1C936DB500D42D65 /* Products */;
			projectDirPath = "";
			projectRoot = "";
			targets = (
				EB2B1C991C936DB500D42D65 /* Hello World */,
			);
		};
/* End PBXProject section */

/* Begin PBXResourcesBuildPhase section */
		EB2B1C981C936DB500D42D65 /* Resources */ = {
			isa = PBXResourcesBuildPhase;
			buildActionMask = 2147483647;
			files = (
				EB2B1CA81C936DB500D42D65 /* LaunchScreen.storyboard in Resources */,
				EB4D84061C93967200E5024D /* Cat-clip-art-images-illustrations-photos-3.jpg in Resources */,
				EB2B1CA51C936DB500D42D65 /* Assets.xcassets in Resources */,
				EB2B1CA31C936DB500D42D65 /* Main.storyboard in Resources */,
			);
			runOnlyForDeploymentPostprocessing = 0;
		};
/* End PBXResourcesBuildPhase section */

/* Begin PBXSourcesBuildPhase section */
		EB2B1C961C936DB500D42D65 /* Sources */ = {
			isa = PBXSourcesBuildPhase;
			buildActionMask = 2147483647;
			files = (
				EB2B1CA01C936DB500D42D65 /* ViewController.swift in Sources */,
				EB2B1C9E1C936DB500D42D65 /* AppDelegate.swift in Sources */,
			);
			runOnlyForDeploymentPostprocessing = 0;
		};
/* End PBXSourcesBuildPhase section */

/* Begin PBXVariantGroup section */
		EB2B1CA11C936DB500D42D65 /* Main.storyboard */ = {
			isa = PBXVariantGroup;
			children = (
				EB2B1CA21C936DB500D42D65 /* Base */,
			);
			name = Main.storyboard;
			sourceTree = "<group>";
		};
		EB2B1CA61C936DB500D42D65 /* LaunchScreen.storyboard */ = {
			isa = PBXVariantGroup;
			children = (
				EB2B1CA71C936DB500D42D65 /* Base */,
			);
			name = LaunchScreen.storyboard;
			sourceTree = "<group>";
		};
/* End PBXVariantGroup section */

/* Begin XCBuildConfiguration section */
		EB2B1CAA1C936DB500D42D65 /* Debug */ = {
			isa = XCBuildConfiguration;
			buildSettings = {
				ALWAYS_SEARCH_USER_PATHS = NO;
				CLANG_CXX_LANGUAGE_STANDARD = "gnu++0x";
				CLANG_CXX_LIBRARY = "libc++";
				CLANG_ENABLE_MODULES = YES;
				CLANG_ENABLE_OBJC_ARC = YES;
				CLANG_WARN_BOOL_CONVERSION = YES;
				CLANG_WARN_CONSTANT_CONVERSION = YES;
				CLANG_WARN_DIRECT_OBJC_ISA_USAGE = YES_ERROR;
				CLANG_WARN_EMPTY_BODY = YES;
				CLANG_WARN_ENUM_CONVERSION = YES;
				CLANG_WARN_INT_CONVERSION = YES;
				CLANG_WARN_OBJC_ROOT_CLASS = YES_ERROR;
				CLANG_WARN_UNREACHABLE_CODE = YES;
				CLANG_WARN__DUPLICATE_METHOD_MATCH = YES;
				"CODE_SIGN_IDENTITY[sdk=iphoneos*]" = "iPhone Developer";
				COPY_PHASE_STRIP = NO;
				DEBUG_INFORMATION_FORMAT = dwarf;
				ENABLE_STRICT_OBJC_MSGSEND = YES;
				ENABLE_TESTABILITY = YES;
				GCC_C_LANGUAGE_STANDARD = gnu99;
				GCC_DYNAMIC_NO_PIC = NO;
				GCC_NO_COMMON_BLOCKS = YES;
				GCC_OPTIMIZATION_LEVEL = 0;
				GCC_PREPROCESSOR_DEFINITIONS = (
					"DEBUG=1",
					"$(inherited)",
				);
				GCC_WARN_64_TO_32_BIT_CONVERSION = YES;
				GCC_WARN_ABOUT_RETURN_TYPE = YES_ERROR;
				GCC_WARN_UNDECLARED_SELECTOR = YES;
				GCC_WARN_UNINITIALIZED_AUTOS = YES_AGGRESSIVE;
				GCC_WARN_UNUSED_FUNCTION = YES;
				GCC_WARN_UNUSED_VARIABLE = YES;
				IPHONEOS_DEPLOYMENT_TARGET = 9.2;
				MTL_ENABLE_DEBUG_INFO = YES;
				ONLY_ACTIVE_ARCH = YES;
				SDKROOT = iphoneos;
				SWIFT_OPTIMIZATION_LEVEL = "-Onone";
			};
			name = Debug;
		};
		EB2B1CAB1C936DB500D42D65 /* Release */ = {
			isa = XCBuildConfiguration;
			buildSettings = {
				ALWAYS_SEARCH_USER_PATHS = NO;
				CLANG_CXX_LANGUAGE_STANDARD = "gnu++0x";
				CLANG_CXX_LIBRARY = "libc++";
				CLANG_ENABLE_MODULES = YES;
				CLANG_ENABLE_OBJC_ARC = YES;
				CLANG_WARN_BOOL_CONVERSION = YES;
				CLANG_WARN_CONSTANT_CONVERSION = YES;
				CLANG_WARN_DIRECT_OBJC_ISA_USAGE = YES_ERROR;
				CLANG_WARN_EMPTY_BODY = YES;
				CLANG_WARN_ENUM_CONVERSION = YES;
				CLANG_WARN_INT_CONVERSION = YES;
				CLANG_WARN_OBJC_ROOT_CLASS = YES_ERROR;
				CLANG_WARN_UNREACHABLE_CODE = YES;
				CLANG_WARN__DUPLICATE_METHOD_MATCH = YES;
				"CODE_SIGN_IDENTITY[sdk=iphoneos*]" = "iPhone Developer";
				COPY_PHASE_STRIP = NO;
				DEBUG_INFORMATION_FORMAT = "dwarf-with-dsym";
				ENABLE_NS_ASSERTIONS = NO;
				ENABLE_STRICT_OBJC_MSGSEND = YES;
				GCC_C_LANGUAGE_STANDARD = gnu99;
				GCC_NO_COMMON_BLOCKS = YES;
				GCC_WARN_64_TO_32_BIT_CONVERSION = YES;
				GCC_WARN_ABOUT_RETURN_TYPE = YES_ERROR;
				GCC_WARN_UNDECLARED_SELECTOR = YES;
				GCC_WARN_UNINITIALIZED_AUTOS = YES_AGGRESSIVE;
				GCC_WARN_UNUSED_FUNCTION = YES;
				GCC_WARN_UNUSED_VARIABLE = YES;
				IPHONEOS_DEPLOYMENT_TARGET = 9.2;
				MTL_ENABLE_DEBUG_INFO = NO;
				SDKROOT = iphoneos;
				VALIDATE_PRODUCT = YES;
			};
			name = Release;
		};
		EB2B1CAD1C936DB500D42D65 /* Debug */ = {
			isa = XCBuildConfiguration;
			buildSettings = {
				ASSETCATALOG_COMPILER_APPICON_NAME = AppIcon;
				CODE_SIGN_IDENTITY = "iPhone Developer";
				"CODE_SIGN_IDENTITY[sdk=iphoneos*]" = "iPhone Developer";
				INFOPLIST_FILE = "Hello World/Info.plist";
				LD_RUNPATH_SEARCH_PATHS = "$(inherited) @executable_path/Frameworks";
				PRODUCT_BUNDLE_IDENTIFIER = com.mark.Hello;
				PRODUCT_NAME = "$(TARGET_NAME)";
				PROVISIONING_PROFILE = "";
				TARGETED_DEVICE_FAMILY = 1;
			};
			name = Debug;
		};
		EB2B1CAE1C936DB500D42D65 /* Release */ = {
			isa = XCBuildConfiguration;
			buildSettings = {
				ASSETCATALOG_COMPILER_APPICON_NAME = AppIcon;
				CODE_SIGN_IDENTITY = "iPhone Developer";
				"CODE_SIGN_IDENTITY[sdk=iphoneos*]" = "iPhone Developer";
				INFOPLIST_FILE = "Hello World/Info.plist";
				LD_RUNPATH_SEARCH_PATHS = "$(inherited) @executable_path/Frameworks";
				PRODUCT_BUNDLE_IDENTIFIER = com.mark.Hello;
				PRODUCT_NAME = "$(TARGET_NAME)";
				PROVISIONING_PROFILE = "";
				TARGETED_DEVICE_FAMILY = 1;
			};
			name = Release;
		};
/* End XCBuildConfiguration section */

/* Begin XCConfigurationList section */
		EB2B1C951C936DB500D42D65 /* Build configuration list for PBXProject "Hello World" */ = {
			isa = XCConfigurationList;
			buildConfigurations = (
				EB2B1CAA1C936DB500D42D65 /* Debug */,
				EB2B1CAB1C936DB500D42D65 /* Release */,
			);
			defaultConfigurationIsVisible = 0;
			defaultConfigurationName = Release;
		};
		EB2B1CAC1C936DB500D42D65 /* Build configuration list for PBXNativeTarget "Hello World" */ = {
			isa = XCConfigurationList;
			buildConfigurations = (
				EB2B1CAD1C936DB500D42D65 /* Debug */,
				EB2B1CAE1C936DB500D42D65 /* Release */,
			);
			defaultConfigurationIsVisible = 0;
			defaultConfigurationName = Release;
		};
/* End XCConfigurationList section */
	};
	rootObject = EB2B1C921C936DB500D42D65 /* Project object */;
}
